// !$*UTF8*$!
{
	archiveVersion = 1;
	classes = {
	};
	objectVersion = 50;
	objects = {

/* Begin PBXBuildFile section */
		442E3A7B242E517100E11FDF /* AppDelegate.m in Sources */ = {isa = PBXBuildFile; fileRef = 442E3A7A242E517100E11FDF /* AppDelegate.m */; };
		442E3A7E242E517100E11FDF /* SceneDelegate.m in Sources */ = {isa = PBXBuildFile; fileRef = 442E3A7D242E517100E11FDF /* SceneDelegate.m */; };
		442E3A81242E517100E11FDF /* ViewController.m in Sources */ = {isa = PBXBuildFile; fileRef = 442E3A80242E517100E11FDF /* ViewController.m */; };
		442E3A84242E517100E11FDF /* Main.storyboard in Resources */ = {isa = PBXBuildFile; fileRef = 442E3A82242E517100E11FDF /* Main.storyboard */; };
		442E3A86242E517500E11FDF /* Assets.xcassets in Resources */ = {isa = PBXBuildFile; fileRef = 442E3A85242E517500E11FDF /* Assets.xcassets */; };
		442E3A89242E517500E11FDF /* LaunchScreen.storyboard in Resources */ = {isa = PBXBuildFile; fileRef = 442E3A87242E517500E11FDF /* LaunchScreen.storyboard */; };
		442E3A8C242E517500E11FDF /* main.m in Sources */ = {isa = PBXBuildFile; fileRef = 442E3A8B242E517500E11FDF /* main.m */; };
		442E3A94242E518E00E11FDF /* Cat.m in Sources */ = {isa = PBXBuildFile; fileRef = 442E3A93242E518E00E11FDF /* Cat.m */; };
		442E3A97242E519A00E11FDF /* Dog.m in Sources */ = {isa = PBXBuildFile; fileRef = 442E3A96242E519A00E11FDF /* Dog.m */; };
/* End PBXBuildFile section */

/* Begin PBXFileReference section */
		442E3A76242E517100E11FDF /* RuntimeDemo.app */ = {isa = PBXFileReference; explicitFileType = wrapper.application; includeInIndex = 0; path = RuntimeDemo.app; sourceTree = BUILT_PRODUCTS_DIR; };
		442E3A79242E517100E11FDF /* AppDelegate.h */ = {isa = PBXFileReference; lastKnownFileType = sourcecode.c.h; path = AppDelegate.h; sourceTree = "<group>"; };
		442E3A7A242E517100E11FDF /* AppDelegate.m */ = {isa = PBXFileReference; lastKnownFileType = sourcecode.c.objc; path = AppDelegate.m; sourceTree = "<group>"; };
		442E3A7C242E517100E11FDF /* SceneDelegate.h */ = {isa = PBXFileReference; lastKnownFileType = sourcecode.c.h; path = SceneDelegate.h; sourceTree = "<group>"; };
		442E3A7D242E517100E11FDF /* SceneDelegate.m */ = {isa = PBXFileReference; lastKnownFileType = sourcecode.c.objc; path = SceneDelegate.m; sourceTree = "<group>"; };
		442E3A7F242E517100E11FDF /* ViewController.h */ = {isa = PBXFileReference; lastKnownFileType = sourcecode.c.h; path = ViewController.h; sourceTree = "<group>"; };
		442E3A80242E517100E11FDF /* ViewController.m */ = {isa = PBXFileReference; lastKnownFileType = sourcecode.c.objc; path = ViewController.m; sourceTree = "<group>"; };
		442E3A83242E517100E11FDF /* Base */ = {isa = PBXFileReference; lastKnownFileType = file.storyboard; name = Base; path = Base.lproj/Main.storyboard; sourceTree = "<group>"; };
		442E3A85242E517500E11FDF /* Assets.xcassets */ = {isa = PBXFileReference; lastKnownFileType = folder.assetcatalog; path = Assets.xcassets; sourceTree = "<group>"; };
		442E3A88242E517500E11FDF /* Base */ = {isa = PBXFileReference; lastKnownFileType = file.storyboard; name = Base; path = Base.lproj/LaunchScreen.storyboard; sourceTree = "<group>"; };
		442E3A8A242E517500E11FDF /* Info.plist */ = {isa = PBXFileReference; lastKnownFileType = text.plist.xml; path = Info.plist; sourceTree = "<group>"; };
		442E3A8B242E517500E11FDF /* main.m */ = {isa = PBXFileReference; lastKnownFileType = sourcecode.c.objc; path = main.m; sourceTree = "<group>"; };
		442E3A92242E518E00E11FDF /* Cat.h */ = {isa = PBXFileReference; lastKnownFileType = sourcecode.c.h; path = Cat.h; sourceTree = "<group>"; };
		442E3A93242E518E00E11FDF /* Cat.m */ = {isa = PBXFileReference; lastKnownFileType = sourcecode.c.objc; path = Cat.m; sourceTree = "<group>"; };
		442E3A95242E519A00E11FDF /* Dog.h */ = {isa = PBXFileReference; lastKnownFileType = sourcecode.c.h; path = Dog.h; sourceTree = "<group>"; };
		442E3A96242E519A00E11FDF /* Dog.m */ = {isa = PBXFileReference; lastKnownFileType = sourcecode.c.objc; path = Dog.m; sourceTree = "<group>"; };
/* End PBXFileReference section */

/* Begin PBXFrameworksBuildPhase section */
		442E3A73242E517100E11FDF /* Frameworks */ = {
			isa = PBXFrameworksBuildPhase;
			buildActionMask = 2147483647;
			files = (
			);
			runOnlyForDeploymentPostprocessing = 0;
		};
/* End PBXFrameworksBuildPhase section */

/* Begin PBXGroup section */
		442E3A6D242E517100E11FDF = {
			isa = PBXGroup;
			children = (
				442E3A78242E517100E11FDF /* RuntimeDemo */,
				442E3A77242E517100E11FDF /* Products */,
			);
			sourceTree = "<group>";
		};
		442E3A77242E517100E11FDF /* Products */ = {
			isa = PBXGroup;
			children = (
				442E3A76242E517100E11FDF /* RuntimeDemo.app */,
			);
			name = Products;
			sourceTree = "<group>";
		};
		442E3A78242E517100E11FDF /* RuntimeDemo */ = {
			isa = PBXGroup;
			children = (
				442E3A79242E517100E11FDF /* AppDelegate.h */,
				442E3A7A242E517100E11FDF /* AppDelegate.m */,
				442E3A7C242E517100E11FDF /* SceneDelegate.h */,
				442E3A7D242E517100E11FDF /* SceneDelegate.m */,
				442E3A7F242E517100E11FDF /* ViewController.h */,
				442E3A80242E517100E11FDF /* ViewController.m */,
				442E3A95242E519A00E11FDF /* Dog.h */,
				442E3A96242E519A00E11FDF /* Dog.m */,
				442E3A92242E518E00E11FDF /* Cat.h */,
				442E3A93242E518E00E11FDF /* Cat.m */,
				442E3A82242E517100E11FDF /* Main.storyboard */,
				442E3A85242E517500E11FDF /* Assets.xcassets */,
				442E3A87242E517500E11FDF /* LaunchScreen.storyboard */,
				442E3A8A242E517500E11FDF /* Info.plist */,
				442E3A8B242E517500E11FDF /* main.m */,
			);
			path = RuntimeDemo;
			sourceTree = "<group>";
		};
/* End PBXGroup section */

/* Begin PBXNativeTarget section */
		442E3A75242E517100E11FDF /* RuntimeDemo */ = {
			isa = PBXNativeTarget;
			buildConfigurationList = 442E3A8F242E517500E11FDF /* Build configuration list for PBXNativeTarget "RuntimeDemo" */;
			buildPhases = (
				442E3A72242E517100E11FDF /* Sources */,
				442E3A73242E517100E11FDF /* Frameworks */,
				442E3A74242E517100E11FDF /* Resources */,
			);
			buildRules = (
			);
			dependencies = (
			);
			name = RuntimeDemo;
			productName = RuntimeDemo;
			productReference = 442E3A76242E517100E11FDF /* RuntimeDemo.app */;
			productType = "com.apple.product-type.application";
		};
/* End PBXNativeTarget section */

/* Begin PBXProject section */
		442E3A6E242E517100E11FDF /* Project object */ = {
			isa = PBXProject;
			attributes = {
				LastUpgradeCheck = 1130;
				ORGANIZATIONNAME = Chin;
				TargetAttributes = {
					442E3A75242E517100E11FDF = {
						CreatedOnToolsVersion = 11.3.1;
					};
				};
			};
			buildConfigurationList = 442E3A71242E517100E11FDF /* Build configuration list for PBXProject "RuntimeDemo" */;
			compatibilityVersion = "Xcode 9.3";
			developmentRegion = en;
			hasScannedForEncodings = 0;
			knownRegions = (
				en,
				Base,
			);
			mainGroup = 442E3A6D242E517100E11FDF;
			productRefGroup = 442E3A77242E517100E11FDF /* Products */;
			projectDirPath = "";
			projectRoot = "";
			targets = (
				442E3A75242E517100E11FDF /* RuntimeDemo */,
			);
		};
/* End PBXProject section */

/* Begin PBXResourcesBuildPhase section */
		442E3A74242E517100E11FDF /* Resources */ = {
			isa = PBXResourcesBuildPhase;
			buildActionMask = 2147483647;
			files = (
				442E3A89242E517500E11FDF /* LaunchScreen.storyboard in Resources */,
				442E3A86242E517500E11FDF /* Assets.xcassets in Resources */,
				442E3A84242E517100E11FDF /* Main.storyboard in Resources */,
			);
			runOnlyForDeploymentPostprocessing = 0;
		};
/* End PBXResourcesBuildPhase section */

/* Begin PBXSourcesBuildPhase section */
		442E3A72242E517100E11FDF /* Sources */ = {
			isa = PBXSourcesBuildPhase;
			buildActionMask = 2147483647;
			files = (
				442E3A97242E519A00E11FDF /* Dog.m in Sources */,
				442E3A81242E517100E11FDF /* ViewController.m in Sources */,
				442E3A7B242E517100E11FDF /* AppDelegate.m in Sources */,
				442E3A8C242E517500E11FDF /* main.m in Sources */,
				442E3A7E242E517100E11FDF /* SceneDelegate.m in Sources */,
				442E3A94242E518E00E11FDF /* Cat.m in Sources */,
			);
			runOnlyForDeploymentPostprocessing = 0;
		};
/* End PBXSourcesBuildPhase section */

/* Begin PBXVariantGroup section */
		442E3A82242E517100E11FDF /* Main.storyboard */ = {
			isa = PBXVariantGroup;
			children = (
				442E3A83242E517100E11FDF /* Base */,
			);
			name = Main.storyboard;
			sourceTree = "<group>";
		};
		442E3A87242E517500E11FDF /* LaunchScreen.storyboard */ = {
			isa = PBXVariantGroup;
			children = (
				442E3A88242E517500E11FDF /* Base */,
			);
			name = LaunchScreen.storyboard;
			sourceTree = "<group>";
		};
/* End PBXVariantGroup section */

/* Begin XCBuildConfiguration section */
		442E3A8D242E517500E11FDF /* Debug */ = {
			isa = XCBuildConfiguration;
			buildSettings = {
				ALWAYS_SEARCH_USER_PATHS = NO;
				CLANG_ANALYZER_NONNULL = YES;
				CLANG_ANALYZER_NUMBER_OBJECT_CONVERSION = YES_AGGRESSIVE;
				CLANG_CXX_LANGUAGE_STANDARD = "gnu++14";
				CLANG_CXX_LIBRARY = "libc++";
				CLANG_ENABLE_MODULES = YES;
				CLANG_ENABLE_OBJC_ARC = YES;
				CLANG_ENABLE_OBJC_WEAK = YES;
				CLANG_WARN_BLOCK_CAPTURE_AUTORELEASING = YES;
				CLANG_WARN_BOOL_CONVERSION = YES;
				CLANG_WARN_COMMA = YES;
				CLANG_WARN_CONSTANT_CONVERSION = YES;
				CLANG_WARN_DEPRECATED_OBJC_IMPLEMENTATIONS = YES;
				CLANG_WARN_DIRECT_OBJC_ISA_USAGE = YES_ERROR;
				CLANG_WARN_DOCUMENTATION_COMMENTS = YES;
				CLANG_WARN_EMPTY_BODY = YES;
				CLANG_WARN_ENUM_CONVERSION = YES;
				CLANG_WARN_INFINITE_RECURSION = YES;
				CLANG_WARN_INT_CONVERSION = YES;
				CLANG_WARN_NON_LITERAL_NULL_CONVERSION = YES;
				CLANG_WARN_OBJC_IMPLICIT_RETAIN_SELF = YES;
				CLANG_WARN_OBJC_LITERAL_CONVERSION = YES;
				CLANG_WARN_OBJC_ROOT_CLASS = YES_ERROR;
				CLANG_WARN_RANGE_LOOP_ANALYSIS = YES;
				CLANG_WARN_STRICT_PROTOTYPES = YES;
				CLANG_WARN_SUSPICIOUS_MOVE = YES;
				CLANG_WARN_UNGUARDED_AVAILABILITY = YES_AGGRESSIVE;
				CLANG_WARN_UNREACHABLE_CODE = YES;
				CLANG_WARN__DUPLICATE_METHOD_MATCH = YES;
				COPY_PHASE_STRIP = NO;
				DEBUG_INFORMATION_FORMAT = dwarf;
				ENABLE_STRICT_OBJC_MSGSEND = YES;
				ENABLE_TESTABILITY = YES;
				GCC_C_LANGUAGE_STANDARD = gnu11;
				GCC_DYNAMIC_NO_PIC = NO;
				GCC_NO_COMMON_BLOCKS = YES;
				GCC_OPTIMIZATION_LEVEL = 0;
				GCC_PREPROCESSOR_DEFINITIONS = (
					"DEBUG=1",
					"$(inherited)",
				);
				GCC_WARN_64_TO_32_BIT_CONVERSION = YES;
				GCC_WARN_ABOUT_RETURN_TYPE = YES_ERROR;
				GCC_WARN_UNDECLARED_SELECTOR = YES;
				GCC_WARN_UNINITIALIZED_AUTOS = YES_AGGRESSIVE;
				GCC_WARN_UNUSED_FUNCTION = YES;
				GCC_WARN_UNUSED_VARIABLE = YES;
				IPHONEOS_DEPLOYMENT_TARGET = 13.2;
				MTL_ENABLE_DEBUG_INFO = INCLUDE_SOURCE;
				MTL_FAST_MATH = YES;
				ONLY_ACTIVE_ARCH = YES;
				SDKROOT = iphoneos;
			};
			name = Debug;
		};
		442E3A8E242E517500E11FDF /* Release */ = {
			isa = XCBuildConfiguration;
			buildSettings = {
				ALWAYS_SEARCH_USER_PATHS = NO;
				CLANG_ANALYZER_NONNULL = YES;
				CLANG_ANALYZER_NUMBER_OBJECT_CONVERSION = YES_AGGRESSIVE;
				CLANG_CXX_LANGUAGE_STANDARD = "gnu++14";
				CLANG_CXX_LIBRARY = "libc++";
				CLANG_ENABLE_MODULES = YES;
				CLANG_ENABLE_OBJC_ARC = YES;
				CLANG_ENABLE_OBJC_WEAK = YES;
				CLANG_WARN_BLOCK_CAPTURE_AUTORELEASING = YES;
				CLANG_WARN_BOOL_CONVERSION = YES;
				CLANG_WARN_COMMA = YES;
				CLANG_WARN_CONSTANT_CONVERSION = YES;
				CLANG_WARN_DEPRECATED_OBJC_IMPLEMENTATIONS = YES;
				CLANG_WARN_DIRECT_OBJC_ISA_USAGE = YES_ERROR;
				CLANG_WARN_DOCUMENTATION_COMMENTS = YES;
				CLANG_WARN_EMPTY_BODY = YES;
				CLANG_WARN_ENUM_CONVERSION = YES;
				CLANG_WARN_INFINITE_RECURSION = YES;
				CLANG_WARN_INT_CONVERSION = YES;
				CLANG_WARN_NON_LITERAL_NULL_CONVERSION = YES;
				CLANG_WARN_OBJC_IMPLICIT_RETAIN_SELF = YES;
				CLANG_WARN_OBJC_LITERAL_CONVERSION = YES;
				CLANG_WARN_OBJC_ROOT_CLASS = YES_ERROR;
				CLANG_WARN_RANGE_LOOP_ANALYSIS = YES;
				CLANG_WARN_STRICT_PROTOTYPES = YES;
				CLANG_WARN_SUSPICIOUS_MOVE = YES;
				CLANG_WARN_UNGUARDED_AVAILABILITY = YES_AGGRESSIVE;
				CLANG_WARN_UNREACHABLE_CODE = YES;
				CLANG_WARN__DUPLICATE_METHOD_MATCH = YES;
				COPY_PHASE_STRIP = NO;
				DEBUG_INFORMATION_FORMAT = "dwarf-with-dsym";
				ENABLE_NS_ASSERTIONS = NO;
				ENABLE_STRICT_OBJC_MSGSEND = YES;
				GCC_C_LANGUAGE_STANDARD = gnu11;
				GCC_NO_COMMON_BLOCKS = YES;
				GCC_WARN_64_TO_32_BIT_CONVERSION = YES;
				GCC_WARN_ABOUT_RETURN_TYPE = YES_ERROR;
				GCC_WARN_UNDECLARED_SELECTOR = YES;
				GCC_WARN_UNINITIALIZED_AUTOS = YES_AGGRESSIVE;
				GCC_WARN_UNUSED_FUNCTION = YES;
				GCC_WARN_UNUSED_VARIABLE = YES;
				IPHONEOS_DEPLOYMENT_TARGET = 13.2;
				MTL_ENABLE_DEBUG_INFO = NO;
				MTL_FAST_MATH = YES;
				SDKROOT = iphoneos;
				VALIDATE_PRODUCT = YES;
			};
			name = Release;
		};
		442E3A90242E517500E11FDF /* Debug */ = {
			isa = XCBuildConfiguration;
			buildSettings = {
				ASSETCATALOG_COMPILER_APPICON_NAME = AppIcon;
				CODE_SIGN_STYLE = Automatic;
				INFOPLIST_FILE = RuntimeDemo/Info.plist;
				LD_RUNPATH_SEARCH_PATHS = (
					"$(inherited)",
					"@executable_path/Frameworks",
				);
				PRODUCT_BUNDLE_IDENTIFIER = Amber.RuntimeDemo;
				PRODUCT_NAME = "$(TARGET_NAME)";
				TARGETED_DEVICE_FAMILY = "1,2";
			};
			name = Debug;
		};
		442E3A91242E517500E11FDF /* Release */ = {
			isa = XCBuildConfiguration;
			buildSettings = {
				ASSETCATALOG_COMPILER_APPICON_NAME = AppIcon;
				CODE_SIGN_STYLE = Automatic;
				INFOPLIST_FILE = RuntimeDemo/Info.plist;
				LD_RUNPATH_SEARCH_PATHS = (
					"$(inherited)",
					"@executable_path/Frameworks",
				);
				PRODUCT_BUNDLE_IDENTIFIER = Amber.RuntimeDemo;
				PRODUCT_NAME = "$(TARGET_NAME)";
				TARGETED_DEVICE_FAMILY = "1,2";
			};
			name = Release;
		};
/* End XCBuildConfiguration section */

/* Begin XCConfigurationList section */
		442E3A71242E517100E11FDF /* Build configuration list for PBXProject "RuntimeDemo" */ = {
			isa = XCConfigurationList;
			buildConfigurations = (
				442E3A8D242E517500E11FDF /* Debug */,
				442E3A8E242E517500E11FDF /* Release */,
			);
			defaultConfigurationIsVisible = 0;
			defaultConfigurationName = Release;
		};
		442E3A8F242E517500E11FDF /* Build configuration list for PBXNativeTarget "RuntimeDemo" */ = {
			isa = XCConfigurationList;
			buildConfigurations = (
				442E3A90242E517500E11FDF /* Debug */,
				442E3A91242E517500E11FDF /* Release */,
			);
			defaultConfigurationIsVisible = 0;
			defaultConfigurationName = Release;
		};
/* End XCConfigurationList section */
	};
	rootObject = 442E3A6E242E517100E11FDF /* Project object */;
}
